
Microsoft Visual Studio Solution File, Format Version 12.00
# Visual Studio Version 16
VisualStudioVersion = 16.0.29020.237
MinimumVisualStudioVersion = 10.0.40219.1
Project("{FAE04EC0-301F-11D3-BF4B-00C04F79EFBC}") = "PrimeApp", "PrimeApp\PrimeApp.csproj", "{458F503D-791A-4125-AC7C-5EC7A08892FD}"
EndProject
Global
	GlobalSection(SolutionConfigurationPlatforms) = preSolution
		Debug|Any CPU = Debug|Any CPU
		Release|Any CPU = Release|Any CPU
	EndGlobalSection
	GlobalSection(ProjectConfigurationPlatforms) = postSolution
		{458F503D-791A-4125-AC7C-5EC7A08892FD}.Debug|Any CPU.ActiveCfg = Debug|Any CPU
		{458F503D-791A-4125-AC7C-5EC7A08892FD}.Debug|Any CPU.Build.0 = Debug|Any CPU
		{458F503D-791A-4125-AC7C-5EC7A08892FD}.Debug|Any CPU.Deploy.0 = Debug|Any CPU
		{458F503D-791A-4125-AC7C-5EC7A08892FD}.Release|Any CPU.ActiveCfg = Release|Any CPU
		{458F503D-791A-4125-AC7C-5EC7A08892FD}.Release|Any CPU.Build.0 = Release|Any CPU
		{458F503D-791A-4125-AC7C-5EC7A08892FD}.Release|Any CPU.Deploy.0 = Release|Any CPU
	EndGlobalSection
	GlobalSection(SolutionProperties) = preSolution
		HideSolutionNode = FALSE
	EndGlobalSection
	GlobalSection(ExtensibilityGlobals) = postSolution
		SolutionGuid = {E85ACF5D-490C-4361-8E41-D1CD6FA2EECE}
	EndGlobalSection
EndGlobal
